
Microsoft Visual Studio Solution File, Format Version 12.00
# Visual Studio 15
VisualStudioVersion = 15.0.27703.2018
MinimumVisualStudioVersion = 10.0.40219.1
Project("{FAE04EC0-301F-11D3-BF4B-00C04F79EFBC}") = "android", "android\android.csproj", "{744DE4BD-6895-49A2-9E25-230FA94A67B4}"
EndProject
Project("{9A19103F-16F7-4668-BE54-9A1E7A4F7556}") = "shared", "shared\shared.csproj", "{1E3B7CA8-F56A-482F-9CDF-105ED55B9550}"
EndProject
Project("{FAE04EC0-301F-11D3-BF4B-00C04F79EFBC}") = "shared.tests", "shared.tests\shared.tests.csproj", "{1B9A4904-4624-4FD2-8989-CB383E66FFE0}"
EndProject
Project("{FAE04EC0-301F-11D3-BF4B-00C04F79EFBC}") = "shared.tests.integration", "shared.tests.integration\shared.tests.integration.csproj", "{388D7045-EE11-471D-9E02-DA22B5B44F58}"
EndProject
Global
	GlobalSection(SolutionConfigurationPlatforms) = preSolution
		Debug|Any CPU = Debug|Any CPU
		Release|Any CPU = Release|Any CPU
	EndGlobalSection
	GlobalSection(ProjectConfigurationPlatforms) = postSolution
		{744DE4BD-6895-49A2-9E25-230FA94A67B4}.Debug|Any CPU.ActiveCfg = Debug|Any CPU
		{744DE4BD-6895-49A2-9E25-230FA94A67B4}.Debug|Any CPU.Build.0 = Debug|Any CPU
		{744DE4BD-6895-49A2-9E25-230FA94A67B4}.Debug|Any CPU.Deploy.0 = Debug|Any CPU
		{744DE4BD-6895-49A2-9E25-230FA94A67B4}.Release|Any CPU.ActiveCfg = Release|Any CPU
		{744DE4BD-6895-49A2-9E25-230FA94A67B4}.Release|Any CPU.Build.0 = Release|Any CPU
		{744DE4BD-6895-49A2-9E25-230FA94A67B4}.Release|Any CPU.Deploy.0 = Release|Any CPU
		{1E3B7CA8-F56A-482F-9CDF-105ED55B9550}.Debug|Any CPU.ActiveCfg = Debug|Any CPU
		{1E3B7CA8-F56A-482F-9CDF-105ED55B9550}.Debug|Any CPU.Build.0 = Debug|Any CPU
		{1E3B7CA8-F56A-482F-9CDF-105ED55B9550}.Release|Any CPU.ActiveCfg = Release|Any CPU
		{1E3B7CA8-F56A-482F-9CDF-105ED55B9550}.Release|Any CPU.Build.0 = Release|Any CPU
		{1B9A4904-4624-4FD2-8989-CB383E66FFE0}.Debug|Any CPU.ActiveCfg = Debug|Any CPU
		{1B9A4904-4624-4FD2-8989-CB383E66FFE0}.Debug|Any CPU.Build.0 = Debug|Any CPU
		{1B9A4904-4624-4FD2-8989-CB383E66FFE0}.Release|Any CPU.ActiveCfg = Release|Any CPU
		{1B9A4904-4624-4FD2-8989-CB383E66FFE0}.Release|Any CPU.Build.0 = Release|Any CPU
		{388D7045-EE11-471D-9E02-DA22B5B44F58}.Debug|Any CPU.ActiveCfg = Debug|Any CPU
		{388D7045-EE11-471D-9E02-DA22B5B44F58}.Debug|Any CPU.Build.0 = Debug|Any CPU
		{388D7045-EE11-471D-9E02-DA22B5B44F58}.Release|Any CPU.ActiveCfg = Release|Any CPU
		{388D7045-EE11-471D-9E02-DA22B5B44F58}.Release|Any CPU.Build.0 = Release|Any CPU
	EndGlobalSection
	GlobalSection(SolutionProperties) = preSolution
		HideSolutionNode = FALSE
	EndGlobalSection
	GlobalSection(ExtensibilityGlobals) = postSolution
		SolutionGuid = {0B6753A5-CFCB-4391-9F3C-EB7A55E26F84}
	EndGlobalSection
EndGlobal
